// !$*UTF8*$!
{
	archiveVersion = 1;
	classes = {
	};
	objectVersion = 46;
	objects = {

/* Begin PBXBuildFile section */
		C24F2A541D7996F900E3672E /* AppDelegate.swift in Sources */ = {isa = PBXBuildFile; fileRef = C24F2A531D7996F900E3672E /* AppDelegate.swift */; };
		C24F2A561D7996F900E3672E /* ViewController.swift in Sources */ = {isa = PBXBuildFile; fileRef = C24F2A551D7996F900E3672E /* ViewController.swift */; };
		C24F2A591D7996F900E3672E /* Main.storyboard in Resources */ = {isa = PBXBuildFile; fileRef = C24F2A571D7996F900E3672E /* Main.storyboard */; };
		C24F2A5B1D7996FA00E3672E /* Assets.xcassets in Resources */ = {isa = PBXBuildFile; fileRef = C24F2A5A1D7996FA00E3672E /* Assets.xcassets */; };
		C24F2A5E1D7996FA00E3672E /* LaunchScreen.storyboard in Resources */ = {isa = PBXBuildFile; fileRef = C24F2A5C1D7996FA00E3672E /* LaunchScreen.storyboard */; };
		C24F2A661D799C1300E3672E /* FeedViewController.swift in Sources */ = {isa = PBXBuildFile; fileRef = C24F2A651D799C1300E3672E /* FeedViewController.swift */; };
/* End PBXBuildFile section */

/* Begin PBXFileReference section */
		C24F2A501D7996F800E3672E /* ScrollFeed.app */ = {isa = PBXFileReference; explicitFileType = wrapper.application; includeInIndex = 0; path = ScrollFeed.app; sourceTree = BUILT_PRODUCTS_DIR; };
		C24F2A531D7996F900E3672E /* AppDelegate.swift */ = {isa = PBXFileReference; lastKnownFileType = sourcecode.swift; path = AppDelegate.swift; sourceTree = "<group>"; };
		C24F2A551D7996F900E3672E /* ViewController.swift */ = {isa = PBXFileReference; lastKnownFileType = sourcecode.swift; path = ViewController.swift; sourceTree = "<group>"; };
		C24F2A581D7996F900E3672E /* Base */ = {isa = PBXFileReference; lastKnownFileType = file.storyboard; name = Base; path = Base.lproj/Main.storyboard; sourceTree = "<group>"; };
		C24F2A5A1D7996FA00E3672E /* Assets.xcassets */ = {isa = PBXFileReference; lastKnownFileType = folder.assetcatalog; path = Assets.xcassets; sourceTree = "<group>"; };
		C24F2A5D1D7996FA00E3672E /* Base */ = {isa = PBXFileReference; lastKnownFileType = file.storyboard; name = Base; path = Base.lproj/LaunchScreen.storyboard; sourceTree = "<group>"; };
		C24F2A5F1D7996FA00E3672E /* Info.plist */ = {isa = PBXFileReference; lastKnownFileType = text.plist.xml; path = Info.plist; sourceTree = "<group>"; };
		C24F2A651D799C1300E3672E /* FeedViewController.swift */ = {isa = PBXFileReference; fileEncoding = 4; lastKnownFileType = sourcecode.swift; path = FeedViewController.swift; sourceTree = "<group>"; };
/* End PBXFileReference section */

/* Begin PBXFrameworksBuildPhase section */
		C24F2A4D1D7996F800E3672E /* Frameworks */ = {
			isa = PBXFrameworksBuildPhase;
			buildActionMask = 2147483647;
			files = (
			);
			runOnlyForDeploymentPostprocessing = 0;
		};
/* End PBXFrameworksBuildPhase section */

/* Begin PBXGroup section */
		C24F2A471D7996F700E3672E = {
			isa = PBXGroup;
			children = (
				C24F2A521D7996F800E3672E /* ScrollFeed */,
				C24F2A511D7996F800E3672E /* Products */,
			);
			sourceTree = "<group>";
		};
		C24F2A511D7996F800E3672E /* Products */ = {
			isa = PBXGroup;
			children = (
				C24F2A501D7996F800E3672E /* ScrollFeed.app */,
			);
			name = Products;
			sourceTree = "<group>";
		};
		C24F2A521D7996F800E3672E /* ScrollFeed */ = {
			isa = PBXGroup;
			children = (
				C24F2A531D7996F900E3672E /* AppDelegate.swift */,
				C24F2A551D7996F900E3672E /* ViewController.swift */,
				C24F2A571D7996F900E3672E /* Main.storyboard */,
				C24F2A651D799C1300E3672E /* FeedViewController.swift */,
				C24F2A5A1D7996FA00E3672E /* Assets.xcassets */,
				C24F2A5C1D7996FA00E3672E /* LaunchScreen.storyboard */,
				C24F2A5F1D7996FA00E3672E /* Info.plist */,
			);
			path = ScrollFeed;
			sourceTree = "<group>";
		};
/* End PBXGroup section */

/* Begin PBXNativeTarget section */
		C24F2A4F1D7996F800E3672E /* ScrollFeed */ = {
			isa = PBXNativeTarget;
			buildConfigurationList = C24F2A621D7996FA00E3672E /* Build configuration list for PBXNativeTarget "ScrollFeed" */;
			buildPhases = (
				C24F2A4C1D7996F800E3672E /* Sources */,
				C24F2A4D1D7996F800E3672E /* Frameworks */,
				C24F2A4E1D7996F800E3672E /* Resources */,
			);
			buildRules = (
			);
			dependencies = (
			);
			name = ScrollFeed;
			productName = ScrollFeed;
			productReference = C24F2A501D7996F800E3672E /* ScrollFeed.app */;
			productType = "com.apple.product-type.application";
		};
/* End PBXNativeTarget section */

/* Begin PBXProject section */
		C24F2A481D7996F700E3672E /* Project object */ = {
			isa = PBXProject;
			attributes = {
				LastSwiftUpdateCheck = 0800;
				LastUpgradeCheck = 0800;
				ORGANIZATIONNAME = "Black Mesa Research Facility";
				TargetAttributes = {
					C24F2A4F1D7996F800E3672E = {
						CreatedOnToolsVersion = 8.0;
						ProvisioningStyle = Automatic;
					};
				};
			};
			buildConfigurationList = C24F2A4B1D7996F700E3672E /* Build configuration list for PBXProject "ScrollFeed" */;
			compatibilityVersion = "Xcode 3.2";
			developmentRegion = English;
			hasScannedForEncodings = 0;
			knownRegions = (
				en,
				Base,
			);
			mainGroup = C24F2A471D7996F700E3672E;
			productRefGroup = C24F2A511D7996F800E3672E /* Products */;
			projectDirPath = "";
			projectRoot = "";
			targets = (
				C24F2A4F1D7996F800E3672E /* ScrollFeed */,
			);
		};
/* End PBXProject section */

/* Begin PBXResourcesBuildPhase section */
		C24F2A4E1D7996F800E3672E /* Resources */ = {
			isa = PBXResourcesBuildPhase;
			buildActionMask = 2147483647;
			files = (
				C24F2A5E1D7996FA00E3672E /* LaunchScreen.storyboard in Resources */,
				C24F2A5B1D7996FA00E3672E /* Assets.xcassets in Resources */,
				C24F2A591D7996F900E3672E /* Main.storyboard in Resources */,
			);
			runOnlyForDeploymentPostprocessing = 0;
		};
/* End PBXResourcesBuildPhase section */

/* Begin PBXSourcesBuildPhase section */
		C24F2A4C1D7996F800E3672E /* Sources */ = {
			isa = PBXSourcesBuildPhase;
			buildActionMask = 2147483647;
			files = (
				C24F2A561D7996F900E3672E /* ViewController.swift in Sources */,
				C24F2A661D799C1300E3672E /* FeedViewController.swift in Sources */,
				C24F2A541D7996F900E3672E /* AppDelegate.swift in Sources */,
			);
			runOnlyForDeploymentPostprocessing = 0;
		};
/* End PBXSourcesBuildPhase section */

/* Begin PBXVariantGroup section */
		C24F2A571D7996F900E3672E /* Main.storyboard */ = {
			isa = PBXVariantGroup;
			children = (
				C24F2A581D7996F900E3672E /* Base */,
			);
			name = Main.storyboard;
			sourceTree = "<group>";
		};
		C24F2A5C1D7996FA00E3672E /* LaunchScreen.storyboard */ = {
			isa = PBXVariantGroup;
			children = (
				C24F2A5D1D7996FA00E3672E /* Base */,
			);
			name = LaunchScreen.storyboard;
			sourceTree = "<group>";
		};
/* End PBXVariantGroup section */

/* Begin XCBuildConfiguration section */
		C24F2A601D7996FA00E3672E /* Debug */ = {
			isa = XCBuildConfiguration;
			buildSettings = {
				ALWAYS_SEARCH_USER_PATHS = NO;
				CLANG_ANALYZER_NONNULL = YES;
				CLANG_CXX_LANGUAGE_STANDARD = "gnu++0x";
				CLANG_CXX_LIBRARY = "libc++";
				CLANG_ENABLE_MODULES = YES;
				CLANG_ENABLE_OBJC_ARC = YES;
				CLANG_WARN_BOOL_CONVERSION = YES;
				CLANG_WARN_CONSTANT_CONVERSION = YES;
				CLANG_WARN_DIRECT_OBJC_ISA_USAGE = YES_ERROR;
				CLANG_WARN_DOCUMENTATION_COMMENTS = YES;
				CLANG_WARN_EMPTY_BODY = YES;
				CLANG_WARN_ENUM_CONVERSION = YES;
				CLANG_WARN_INFINITE_RECURSION = YES;
				CLANG_WARN_INT_CONVERSION = YES;
				CLANG_WARN_OBJC_ROOT_CLASS = YES_ERROR;
				CLANG_WARN_SUSPICIOUS_MOVES = YES;
				CLANG_WARN_UNREACHABLE_CODE = YES;
				CLANG_WARN__DUPLICATE_METHOD_MATCH = YES;
				"CODE_SIGN_IDENTITY[sdk=iphoneos*]" = "iPhone Developer";
				COPY_PHASE_STRIP = NO;
				DEBUG_INFORMATION_FORMAT = dwarf;
				ENABLE_STRICT_OBJC_MSGSEND = YES;
				ENABLE_TESTABILITY = YES;
				GCC_C_LANGUAGE_STANDARD = gnu99;
				GCC_DYNAMIC_NO_PIC = NO;
				GCC_NO_COMMON_BLOCKS = YES;
				GCC_OPTIMIZATION_LEVEL = 0;
				GCC_PREPROCESSOR_DEFINITIONS = (
					"DEBUG=1",
					"$(inherited)",
				);
				GCC_WARN_64_TO_32_BIT_CONVERSION = YES;
				GCC_WARN_ABOUT_RETURN_TYPE = YES_ERROR;
				GCC_WARN_UNDECLARED_SELECTOR = YES;
				GCC_WARN_UNINITIALIZED_AUTOS = YES_AGGRESSIVE;
				GCC_WARN_UNUSED_FUNCTION = YES;
				GCC_WARN_UNUSED_VARIABLE = YES;
				IPHONEOS_DEPLOYMENT_TARGET = 10.0;
				MTL_ENABLE_DEBUG_INFO = YES;
				ONLY_ACTIVE_ARCH = YES;
				SDKROOT = iphoneos;
				SWIFT_ACTIVE_COMPILATION_CONDITIONS = DEBUG;
				SWIFT_OPTIMIZATION_LEVEL = "-Onone";
			};
			name = Debug;
		};
		C24F2A611D7996FA00E3672E /* Release */ = {
			isa = XCBuildConfiguration;
			buildSettings = {
				ALWAYS_SEARCH_USER_PATHS = NO;
				CLANG_ANALYZER_NONNULL = YES;
				CLANG_CXX_LANGUAGE_STANDARD = "gnu++0x";
				CLANG_CXX_LIBRARY = "libc++";
				CLANG_ENABLE_MODULES = YES;
				CLANG_ENABLE_OBJC_ARC = YES;
				CLANG_WARN_BOOL_CONVERSION = YES;
				CLANG_WARN_CONSTANT_CONVERSION = YES;
				CLANG_WARN_DIRECT_OBJC_ISA_USAGE = YES_ERROR;
				CLANG_WARN_DOCUMENTATION_COMMENTS = YES;
				CLANG_WARN_EMPTY_BODY = YES;
				CLANG_WARN_ENUM_CONVERSION = YES;
				CLANG_WARN_INFINITE_RECURSION = YES;
				CLANG_WARN_INT_CONVERSION = YES;
				CLANG_WARN_OBJC_ROOT_CLASS = YES_ERROR;
				CLANG_WARN_SUSPICIOUS_MOVES = YES;
				CLANG_WARN_UNREACHABLE_CODE = YES;
				CLANG_WARN__DUPLICATE_METHOD_MATCH = YES;
				"CODE_SIGN_IDENTITY[sdk=iphoneos*]" = "iPhone Developer";
				COPY_PHASE_STRIP = NO;
				DEBUG_INFORMATION_FORMAT = "dwarf-with-dsym";
				ENABLE_NS_ASSERTIONS = NO;
				ENABLE_STRICT_OBJC_MSGSEND = YES;
				GCC_C_LANGUAGE_STANDARD = gnu99;
				GCC_NO_COMMON_BLOCKS = YES;
				GCC_WARN_64_TO_32_BIT_CONVERSION = YES;
				GCC_WARN_ABOUT_RETURN_TYPE = YES_ERROR;
				GCC_WARN_UNDECLARED_SELECTOR = YES;
				GCC_WARN_UNINITIALIZED_AUTOS = YES_AGGRESSIVE;
				GCC_WARN_UNUSED_FUNCTION = YES;
				GCC_WARN_UNUSED_VARIABLE = YES;
				IPHONEOS_DEPLOYMENT_TARGET = 10.0;
				MTL_ENABLE_DEBUG_INFO = NO;
				SDKROOT = iphoneos;
				SWIFT_OPTIMIZATION_LEVEL = "-Owholemodule";
				VALIDATE_PRODUCT = YES;
			};
			name = Release;
		};
		C24F2A631D7996FA00E3672E /* Debug */ = {
			isa = XCBuildConfiguration;
			buildSettings = {
				ASSETCATALOG_COMPILER_APPICON_NAME = AppIcon;
				DEVELOPMENT_TEAM = "";
				INFOPLIST_FILE = ScrollFeed/Info.plist;
				LD_RUNPATH_SEARCH_PATHS = "$(inherited) @executable_path/Frameworks";
				PRODUCT_BUNDLE_IDENTIFIER = com.nathanc.scrollfeed;
				PRODUCT_NAME = "$(TARGET_NAME)";
				SWIFT_VERSION = 3.0;
			};
			name = Debug;
		};
		C24F2A641D7996FA00E3672E /* Release */ = {
			isa = XCBuildConfiguration;
			buildSettings = {
				ASSETCATALOG_COMPILER_APPICON_NAME = AppIcon;
				DEVELOPMENT_TEAM = "";
				INFOPLIST_FILE = ScrollFeed/Info.plist;
				LD_RUNPATH_SEARCH_PATHS = "$(inherited) @executable_path/Frameworks";
				PRODUCT_BUNDLE_IDENTIFIER = com.nathanc.scrollfeed;
				PRODUCT_NAME = "$(TARGET_NAME)";
				SWIFT_VERSION = 3.0;
			};
			name = Release;
		};
/* End XCBuildConfiguration section */

/* Begin XCConfigurationList section */
		C24F2A4B1D7996F700E3672E /* Build configuration list for PBXProject "ScrollFeed" */ = {
			isa = XCConfigurationList;
			buildConfigurations = (
				C24F2A601D7996FA00E3672E /* Debug */,
				C24F2A611D7996FA00E3672E /* Release */,
			);
			defaultConfigurationIsVisible = 0;
			defaultConfigurationName = Release;
		};
		C24F2A621D7996FA00E3672E /* Build configuration list for PBXNativeTarget "ScrollFeed" */ = {
			isa = XCConfigurationList;
			buildConfigurations = (
				C24F2A631D7996FA00E3672E /* Debug */,
				C24F2A641D7996FA00E3672E /* Release */,
			);
			defaultConfigurationIsVisible = 0;
			defaultConfigurationName = Release;
		};
/* End XCConfigurationList section */
	};
	rootObject = C24F2A481D7996F700E3672E /* Project object */;
}
